# This file is automatically @generated by Cargo.
# It is not intended for manual editing.
version = 3

[[package]]
name = "box_bintree"
version = "0.1.0"

[[package]]
name = "box_bintree_iterative"
version = "0.1.0"

[[package]]
name = "higher-kinded-types"
version = "0.1.1"
source = "registry+https://github.com/rust-lang/crates.io-index"
checksum = "561985554c8b8d4808605c90a5f1979cc6c31a5d20b78465cd59501233c6678e"
dependencies = [
 "never-say-never",
]

[[package]]
name = "leetcode_bintree"
version = "0.1.0"

[[package]]
name = "never-say-never"
version = "6.6.666"
source = "registry+https://github.com/rust-lang/crates.io-index"
checksum = "cf5a574dadd7941adeaa71823ecba5e28331b8313fb2e1c6a5c7e5981ea53ad6"

[[package]]
name = "polonius-the-crab"
version = "0.4.1"
source = "registry+https://github.com/rust-lang/crates.io-index"
checksum = "96d9b0ba45e2c294fcd0795bc51e45c12746758e9954bb1190f97603ec9a3e91"
dependencies = [
 "higher-kinded-types",
 "never-say-never",
]

[[package]]
name = "raw_bintree"
version = "0.1.0"

[[package]]
name = "recursive_reference"
version = "0.3.0"
source = "registry+https://github.com/rust-lang/crates.io-index"
checksum = "294095c479b51e2c4c2cf7ac81b4ff886a165a4f2898aab06dda30d2eb90804f"
dependencies = [
 "void",
]

[[package]]
name = "void"
version = "1.0.2"
source = "registry+https://github.com/rust-lang/crates.io-index"
checksum = "6a02e4885ed3bc0f2de90ea6dd45ebcbb66dacffe03547fadbb0eeae2770887d"

[[package]]
name = "walking"
version = "0.1.0"
dependencies = [
 "polonius-the-crab",
 "recursive_reference",
]
